// !$*UTF8*$!
{
	archiveVersion = 1;
	classes = {
	};
	objectVersion = 46;
	objects = {

/* Begin PBXBuildFile section */
		2AF6280818BC7A9A007F9D58 /* SMSWidgetView.m in Sources */ = {isa = PBXBuildFile; fileRef = 2AF6280718BC7A99007F9D58 /* SMSWidgetView.m */; };
		9223ECC817E6F93500B32792 /* LoginNetRequest.m in Sources */ = {isa = PBXBuildFile; fileRef = 9223ECC717E6F93500B32792 /* LoginNetRequest.m */; };
		9223ECCB17E6F95100B32792 /* LoginBLL.m in Sources */ = {isa = PBXBuildFile; fileRef = 9223ECCA17E6F95100B32792 /* LoginBLL.m */; };
		9226FD3317D58C77002F0CE6 /* LoginViewController.m in Sources */ = {isa = PBXBuildFile; fileRef = 9226FD3217D58C77002F0CE6 /* LoginViewController.m */; };
		9226FD3917D58CAD002F0CE6 /* LoginView.m in Sources */ = {isa = PBXBuildFile; fileRef = 9226FD3817D58CAD002F0CE6 /* LoginView.m */; };
		923D78AA17D57B8200C75390 /* Foundation.framework in Frameworks */ = {isa = PBXBuildFile; fileRef = 923D78A917D57B8100C75390 /* Foundation.framework */; };
		924AF46617E2FB35005D4717 /* DisplayComponent.m in Sources */ = {isa = PBXBuildFile; fileRef = 924AF45B17E2FB35005D4717 /* DisplayComponent.m */; };
		924AF46717E2FB35005D4717 /* DisplayView.m in Sources */ = {isa = PBXBuildFile; fileRef = 924AF45D17E2FB35005D4717 /* DisplayView.m */; };
		924AF46817E2FB35005D4717 /* DisplayViewController.m in Sources */ = {isa = PBXBuildFile; fileRef = 924AF45F17E2FB35005D4717 /* DisplayViewController.m */; };
		924AF46917E2FB35005D4717 /* LoginComponent.m in Sources */ = {isa = PBXBuildFile; fileRef = 924AF46217E2FB35005D4717 /* LoginComponent.m */; };
		928E63D717F828B400A43F02 /* Login.bundle in Resources */ = {isa = PBXBuildFile; fileRef = 928E63D617F828B400A43F02 /* Login.bundle */; };
		C18FC2FB17EEEC2F00F157D8 /* LoginParser.m in Sources */ = {isa = PBXBuildFile; fileRef = C18FC2FA17EEEC2F00F157D8 /* LoginParser.m */; };
/* End PBXBuildFile section */

/* Begin PBXBuildRule section */
		926269DD17E2F6F600895DAD /* PBXBuildRule */ = {
			isa = PBXBuildRule;
			compilerSpec = com.apple.compilers.proxy.script;
			fileType = wrapper.xcdatamodel;
			isEditable = 1;
			outputFiles = (
			);
			script = "# momc\n";
		};
/* End PBXBuildRule section */

/* Begin PBXCopyFilesBuildPhase section */
		923D78A417D57B8100C75390 /* CopyFiles */ = {
			isa = PBXCopyFilesBuildPhase;
			buildActionMask = 12;
			dstPath = "include/${PRODUCT_NAME}";
			dstSubfolderSpec = 7;
			files = (
			);
			runOnlyForDeploymentPostprocessing = 0;
		};
/* End PBXCopyFilesBuildPhase section */

/* Begin PBXFileReference section */
		2AF6280618BC7A99007F9D58 /* SMSWidgetView.h */ = {isa = PBXFileReference; fileEncoding = 4; lastKnownFileType = sourcecode.c.h; path = SMSWidgetView.h; sourceTree = "<group>"; };
		2AF6280718BC7A99007F9D58 /* SMSWidgetView.m */ = {isa = PBXFileReference; fileEncoding = 4; lastKnownFileType = sourcecode.c.objc; path = SMSWidgetView.m; sourceTree = "<group>"; };
		9223ECC617E6F93500B32792 /* LoginNetRequest.h */ = {isa = PBXFileReference; fileEncoding = 4; lastKnownFileType = sourcecode.c.h; path = LoginNetRequest.h; sourceTree = "<group>"; };
		9223ECC717E6F93500B32792 /* LoginNetRequest.m */ = {isa = PBXFileReference; fileEncoding = 4; lastKnownFileType = sourcecode.c.objc; path = LoginNetRequest.m; sourceTree = "<group>"; };
		9223ECC917E6F95100B32792 /* LoginBLL.h */ = {isa = PBXFileReference; fileEncoding = 4; lastKnownFileType = sourcecode.c.h; path = LoginBLL.h; sourceTree = "<group>"; };
		9223ECCA17E6F95100B32792 /* LoginBLL.m */ = {isa = PBXFileReference; fileEncoding = 4; lastKnownFileType = sourcecode.c.objc; path = LoginBLL.m; sourceTree = "<group>"; };
		9226FD3217D58C77002F0CE6 /* LoginViewController.m */ = {isa = PBXFileReference; fileEncoding = 4; lastKnownFileType = sourcecode.c.objc; path = LoginViewController.m; sourceTree = "<group>"; };
		9226FD3717D58CAD002F0CE6 /* LoginView.h */ = {isa = PBXFileReference; fileEncoding = 4; lastKnownFileType = sourcecode.c.h; path = LoginView.h; sourceTree = "<group>"; };
		9226FD3817D58CAD002F0CE6 /* LoginView.m */ = {isa = PBXFileReference; fileEncoding = 4; lastKnownFileType = sourcecode.c.objc; path = LoginView.m; sourceTree = "<group>"; };
		923D78A617D57B8100C75390 /* libLogin.a */ = {isa = PBXFileReference; explicitFileType = archive.ar; includeInIndex = 0; path = libLogin.a; sourceTree = BUILT_PRODUCTS_DIR; };
		923D78A917D57B8100C75390 /* Foundation.framework */ = {isa = PBXFileReference; lastKnownFileType = wrapper.framework; name = Foundation.framework; path = System/Library/Frameworks/Foundation.framework; sourceTree = SDKROOT; };
		923D78AD17D57B8200C75390 /* Login-Prefix.pch */ = {isa = PBXFileReference; lastKnownFileType = sourcecode.c.h; path = "Login-Prefix.pch"; sourceTree = "<group>"; };
		924AF45A17E2FB35005D4717 /* DisplayComponent.h */ = {isa = PBXFileReference; fileEncoding = 4; lastKnownFileType = sourcecode.c.h; path = DisplayComponent.h; sourceTree = "<group>"; };
		924AF45B17E2FB35005D4717 /* DisplayComponent.m */ = {isa = PBXFileReference; fileEncoding = 4; lastKnownFileType = sourcecode.c.objc; path = DisplayComponent.m; sourceTree = "<group>"; };
		924AF45C17E2FB35005D4717 /* DisplayView.h */ = {isa = PBXFileReference; fileEncoding = 4; lastKnownFileType = sourcecode.c.h; path = DisplayView.h; sourceTree = "<group>"; };
		924AF45D17E2FB35005D4717 /* DisplayView.m */ = {isa = PBXFileReference; fileEncoding = 4; lastKnownFileType = sourcecode.c.objc; path = DisplayView.m; sourceTree = "<group>"; };
		924AF45E17E2FB35005D4717 /* DisplayViewController.h */ = {isa = PBXFileReference; fileEncoding = 4; lastKnownFileType = sourcecode.c.h; path = DisplayViewController.h; sourceTree = "<group>"; };
		924AF45F17E2FB35005D4717 /* DisplayViewController.m */ = {isa = PBXFileReference; fileEncoding = 4; lastKnownFileType = sourcecode.c.objc; path = DisplayViewController.m; sourceTree = "<group>"; };
		924AF46117E2FB35005D4717 /* LoginComponent.h */ = {isa = PBXFileReference; fileEncoding = 4; lastKnownFileType = sourcecode.c.h; path = LoginComponent.h; sourceTree = "<group>"; };
		924AF46217E2FB35005D4717 /* LoginComponent.m */ = {isa = PBXFileReference; fileEncoding = 4; lastKnownFileType = sourcecode.c.objc; path = LoginComponent.m; sourceTree = "<group>"; };
		928E63D617F828B400A43F02 /* Login.bundle */ = {isa = PBXFileReference; lastKnownFileType = "wrapper.plug-in"; path = Login.bundle; sourceTree = "<group>"; };
		C1572A1D17E830FE0082CBF7 /* LoginViewController.h */ = {isa = PBXFileReference; fileEncoding = 4; lastKnownFileType = sourcecode.c.h; path = LoginViewController.h; sourceTree = "<group>"; };
		C18FC2F917EEEC2F00F157D8 /* LoginParser.h */ = {isa = PBXFileReference; fileEncoding = 4; lastKnownFileType = sourcecode.c.h; path = LoginParser.h; sourceTree = "<group>"; };
		C18FC2FA17EEEC2F00F157D8 /* LoginParser.m */ = {isa = PBXFileReference; fileEncoding = 4; lastKnownFileType = sourcecode.c.objc; path = LoginParser.m; sourceTree = "<group>"; };
/* End PBXFileReference section */

/* Begin PBXFrameworksBuildPhase section */
		923D78A317D57B8100C75390 /* Frameworks */ = {
			isa = PBXFrameworksBuildPhase;
			buildActionMask = 2147483647;
			files = (
				923D78AA17D57B8200C75390 /* Foundation.framework in Frameworks */,
			);
			runOnlyForDeploymentPostprocessing = 0;
		};
/* End PBXFrameworksBuildPhase section */

/* Begin PBXGroup section */
		923D789D17D57B8100C75390 = {
			isa = PBXGroup;
			children = (
				923D78AB17D57B8200C75390 /* Login */,
				928E63D517F828B400A43F02 /* Resource */,
				923D78A817D57B8100C75390 /* Frameworks */,
				923D78A717D57B8100C75390 /* Products */,
			);
			sourceTree = "<group>";
		};
		923D78A717D57B8100C75390 /* Products */ = {
			isa = PBXGroup;
			children = (
				923D78A617D57B8100C75390 /* libLogin.a */,
			);
			name = Products;
			sourceTree = "<group>";
		};
		923D78A817D57B8100C75390 /* Frameworks */ = {
			isa = PBXGroup;
			children = (
				923D78A917D57B8100C75390 /* Foundation.framework */,
			);
			name = Frameworks;
			sourceTree = "<group>";
		};
		923D78AB17D57B8200C75390 /* Login */ = {
			isa = PBXGroup;
			children = (
				923D78C117D57C9B00C75390 /* Entity */,
				923D78C317D57C9B00C75390 /* UI */,
				923D78BD17D57C9B00C75390 /* BLL */,
				923D78C217D57C9B00C75390 /* NetRequest */,
				923D78C017D57C9B00C75390 /* DataParser */,
				923D78BF17D57C9B00C75390 /* DataHandle */,
				923D78BE17D57C9B00C75390 /* DAL */,
				923D78AC17D57B8200C75390 /* Supporting Files */,
			);
			path = Login;
			sourceTree = "<group>";
		};
		923D78AC17D57B8200C75390 /* Supporting Files */ = {
			isa = PBXGroup;
			children = (
				923D78AD17D57B8200C75390 /* Login-Prefix.pch */,
			);
			name = "Supporting Files";
			sourceTree = "<group>";
		};
		923D78BD17D57C9B00C75390 /* BLL */ = {
			isa = PBXGroup;
			children = (
				9223ECC917E6F95100B32792 /* LoginBLL.h */,
				9223ECCA17E6F95100B32792 /* LoginBLL.m */,
			);
			path = BLL;
			sourceTree = "<group>";
		};
		923D78BE17D57C9B00C75390 /* DAL */ = {
			isa = PBXGroup;
			children = (
			);
			path = DAL;
			sourceTree = "<group>";
		};
		923D78BF17D57C9B00C75390 /* DataHandle */ = {
			isa = PBXGroup;
			children = (
			);
			path = DataHandle;
			sourceTree = "<group>";
		};
		923D78C017D57C9B00C75390 /* DataParser */ = {
			isa = PBXGroup;
			children = (
				C18FC2F917EEEC2F00F157D8 /* LoginParser.h */,
				C18FC2FA17EEEC2F00F157D8 /* LoginParser.m */,
			);
			path = DataParser;
			sourceTree = "<group>";
		};
		923D78C117D57C9B00C75390 /* Entity */ = {
			isa = PBXGroup;
			children = (
			);
			path = Entity;
			sourceTree = "<group>";
		};
		923D78C217D57C9B00C75390 /* NetRequest */ = {
			isa = PBXGroup;
			children = (
				9223ECC617E6F93500B32792 /* LoginNetRequest.h */,
				9223ECC717E6F93500B32792 /* LoginNetRequest.m */,
			);
			path = NetRequest;
			sourceTree = "<group>";
		};
		923D78C317D57C9B00C75390 /* UI */ = {
			isa = PBXGroup;
			children = (
				C13E23D517D6DD0000BDB70D /* Component */,
				C1572A1D17E830FE0082CBF7 /* LoginViewController.h */,
				9226FD3217D58C77002F0CE6 /* LoginViewController.m */,
				2AF6280618BC7A99007F9D58 /* SMSWidgetView.h */,
				2AF6280718BC7A99007F9D58 /* SMSWidgetView.m */,
				9226FD3717D58CAD002F0CE6 /* LoginView.h */,
				9226FD3817D58CAD002F0CE6 /* LoginView.m */,
			);
			path = UI;
			sourceTree = "<group>";
		};
		924AF45917E2FB35005D4717 /* HelpDisplay */ = {
			isa = PBXGroup;
			children = (
				924AF45A17E2FB35005D4717 /* DisplayComponent.h */,
				924AF45B17E2FB35005D4717 /* DisplayComponent.m */,
				924AF45C17E2FB35005D4717 /* DisplayView.h */,
				924AF45D17E2FB35005D4717 /* DisplayView.m */,
				924AF45E17E2FB35005D4717 /* DisplayViewController.h */,
				924AF45F17E2FB35005D4717 /* DisplayViewController.m */,
			);
			path = HelpDisplay;
			sourceTree = "<group>";
		};
		924AF46017E2FB35005D4717 /* Login */ = {
			isa = PBXGroup;
			children = (
				924AF46117E2FB35005D4717 /* LoginComponent.h */,
				924AF46217E2FB35005D4717 /* LoginComponent.m */,
			);
			path = Login;
			sourceTree = "<group>";
		};
		928E63D517F828B400A43F02 /* Resource */ = {
			isa = PBXGroup;
			children = (
				928E63D617F828B400A43F02 /* Login.bundle */,
			);
			name = Resource;
			path = Login/Resource;
			sourceTree = "<group>";
		};
		C13E23D517D6DD0000BDB70D /* Component */ = {
			isa = PBXGroup;
			children = (
				924AF45917E2FB35005D4717 /* HelpDisplay */,
				924AF46017E2FB35005D4717 /* Login */,
			);
			path = Component;
			sourceTree = "<group>";
		};
/* End PBXGroup section */

/* Begin PBXNativeTarget section */
		923D78A517D57B8100C75390 /* Login */ = {
			isa = PBXNativeTarget;
			buildConfigurationList = 923D78B417D57B8200C75390 /* Build configuration list for PBXNativeTarget "Login" */;
			buildPhases = (
				923D78A217D57B8100C75390 /* Sources */,
				923D78A317D57B8100C75390 /* Frameworks */,
				923D78A417D57B8100C75390 /* CopyFiles */,
				926269D117E2F3A600895DAD /* Resources */,
			);
			buildRules = (
				926269DD17E2F6F600895DAD /* PBXBuildRule */,
			);
			dependencies = (
			);
			name = Login;
			productName = Login;
			productReference = 923D78A617D57B8100C75390 /* libLogin.a */;
			productType = "com.apple.product-type.library.static";
		};
/* End PBXNativeTarget section */

/* Begin PBXProject section */
		923D789E17D57B8100C75390 /* Project object */ = {
			isa = PBXProject;
			attributes = {
				LastUpgradeCheck = 0630;
				ORGANIZATIONNAME = Sea;
			};
			buildConfigurationList = 923D78A117D57B8100C75390 /* Build configuration list for PBXProject "Login" */;
			compatibilityVersion = "Xcode 3.2";
			developmentRegion = English;
			hasScannedForEncodings = 0;
			knownRegions = (
				en,
			);
			mainGroup = 923D789D17D57B8100C75390;
			productRefGroup = 923D78A717D57B8100C75390 /* Products */;
			projectDirPath = "";
			projectRoot = "";
			targets = (
				923D78A517D57B8100C75390 /* Login */,
			);
		};
/* End PBXProject section */

/* Begin PBXResourcesBuildPhase section */
		926269D117E2F3A600895DAD /* Resources */ = {
			isa = PBXResourcesBuildPhase;
			buildActionMask = 2147483647;
			files = (
				928E63D717F828B400A43F02 /* Login.bundle in Resources */,
			);
			runOnlyForDeploymentPostprocessing = 0;
		};
/* End PBXResourcesBuildPhase section */

/* Begin PBXSourcesBuildPhase section */
		923D78A217D57B8100C75390 /* Sources */ = {
			isa = PBXSourcesBuildPhase;
			buildActionMask = 2147483647;
			files = (
				9226FD3317D58C77002F0CE6 /* LoginViewController.m in Sources */,
				9226FD3917D58CAD002F0CE6 /* LoginView.m in Sources */,
				924AF46617E2FB35005D4717 /* DisplayComponent.m in Sources */,
				924AF46717E2FB35005D4717 /* DisplayView.m in Sources */,
				924AF46817E2FB35005D4717 /* DisplayViewController.m in Sources */,
				924AF46917E2FB35005D4717 /* LoginComponent.m in Sources */,
				9223ECC817E6F93500B32792 /* LoginNetRequest.m in Sources */,
				9223ECCB17E6F95100B32792 /* LoginBLL.m in Sources */,
				C18FC2FB17EEEC2F00F157D8 /* LoginParser.m in Sources */,
				2AF6280818BC7A9A007F9D58 /* SMSWidgetView.m in Sources */,
			);
			runOnlyForDeploymentPostprocessing = 0;
		};
/* End PBXSourcesBuildPhase section */

/* Begin XCBuildConfiguration section */
		923D78B217D57B8200C75390 /* Debug */ = {
			isa = XCBuildConfiguration;
			buildSettings = {
				ALWAYS_SEARCH_USER_PATHS = NO;
				CLANG_CXX_LANGUAGE_STANDARD = "gnu++0x";
				CLANG_CXX_LIBRARY = "libc++";
				CLANG_WARN_CONSTANT_CONVERSION = YES;
				CLANG_WARN_EMPTY_BODY = YES;
				CLANG_WARN_ENUM_CONVERSION = YES;
				CLANG_WARN_INT_CONVERSION = YES;
				CLANG_WARN__DUPLICATE_METHOD_MATCH = YES;
				COPY_PHASE_STRIP = NO;
				GCC_C_LANGUAGE_STANDARD = gnu99;
				GCC_DYNAMIC_NO_PIC = NO;
				GCC_OPTIMIZATION_LEVEL = 0;
				GCC_PREPROCESSOR_DEFINITIONS = (
					"DEBUG=1",
					"$(inherited)",
				);
				GCC_SYMBOLS_PRIVATE_EXTERN = NO;
				GCC_WARN_ABOUT_RETURN_TYPE = YES;
				GCC_WARN_UNINITIALIZED_AUTOS = YES;
				GCC_WARN_UNUSED_VARIABLE = YES;
				IPHONEOS_DEPLOYMENT_TARGET = 5.0;
				ONLY_ACTIVE_ARCH = NO;
				SDKROOT = iphoneos;
			};
			name = Debug;
		};
		923D78B317D57B8200C75390 /* Release */ = {
			isa = XCBuildConfiguration;
			buildSettings = {
				ALWAYS_SEARCH_USER_PATHS = NO;
				CLANG_CXX_LANGUAGE_STANDARD = "gnu++0x";
				CLANG_CXX_LIBRARY = "libc++";
				CLANG_WARN_CONSTANT_CONVERSION = YES;
				CLANG_WARN_EMPTY_BODY = YES;
				CLANG_WARN_ENUM_CONVERSION = YES;
				CLANG_WARN_INT_CONVERSION = YES;
				CLANG_WARN__DUPLICATE_METHOD_MATCH = YES;
				COPY_PHASE_STRIP = YES;
				GCC_C_LANGUAGE_STANDARD = gnu99;
				GCC_WARN_ABOUT_RETURN_TYPE = YES;
				GCC_WARN_UNINITIALIZED_AUTOS = YES;
				GCC_WARN_UNUSED_VARIABLE = YES;
				IPHONEOS_DEPLOYMENT_TARGET = 5.0;
				ONLY_ACTIVE_ARCH = NO;
				SDKROOT = iphoneos;
				VALIDATE_PRODUCT = YES;
			};
			name = Release;
		};
		923D78B517D57B8200C75390 /* Debug */ = {
			isa = XCBuildConfiguration;
			buildSettings = {
				DSTROOT = /tmp/Login.dst;
				GCC_PRECOMPILE_PREFIX_HEADER = YES;
				GCC_PREFIX_HEADER = "Login/Login-Prefix.pch";
				HEADER_SEARCH_PATHS = (
					"../../Sandglass/**",
					"../../Classes/Public/**",
					"../../Libs/**",
				);
				IPHONEOS_DEPLOYMENT_TARGET = 5.0;
				OTHER_LDFLAGS = "-ObjC";
				PRODUCT_NAME = "$(TARGET_NAME)";
				SDKROOT = iphoneos;
				SKIP_INSTALL = YES;
				VALID_ARCHS = "armv7 armv7s arm64";
			};
			name = Debug;
		};
		923D78B617D57B8200C75390 /* Release */ = {
			isa = XCBuildConfiguration;
			buildSettings = {
				DSTROOT = /tmp/Login.dst;
				GCC_PRECOMPILE_PREFIX_HEADER = YES;
				GCC_PREFIX_HEADER = "Login/Login-Prefix.pch";
				HEADER_SEARCH_PATHS = (
					"../../Sandglass/**",
					"../../Classes/Public/**",
					"../../Libs/**",
				);
				IPHONEOS_DEPLOYMENT_TARGET = 5.0;
				OTHER_LDFLAGS = "-ObjC";
				PRODUCT_NAME = "$(TARGET_NAME)";
				SDKROOT = iphoneos;
				SKIP_INSTALL = YES;
				VALID_ARCHS = "armv7 armv7s arm64";
			};
			name = Release;
		};
/* End XCBuildConfiguration section */

/* Begin XCConfigurationList section */
		923D78A117D57B8100C75390 /* Build configuration list for PBXProject "Login" */ = {
			isa = XCConfigurationList;
			buildConfigurations = (
				923D78B217D57B8200C75390 /* Debug */,
				923D78B317D57B8200C75390 /* Release */,
			);
			defaultConfigurationIsVisible = 0;
			defaultConfigurationName = Release;
		};
		923D78B417D57B8200C75390 /* Build configuration list for PBXNativeTarget "Login" */ = {
			isa = XCConfigurationList;
			buildConfigurations = (
				923D78B517D57B8200C75390 /* Debug */,
				923D78B617D57B8200C75390 /* Release */,
			);
			defaultConfigurationIsVisible = 0;
			defaultConfigurationName = Release;
		};
/* End XCConfigurationList section */
	};
	rootObject = 923D789E17D57B8100C75390 /* Project object */;
}
