// !$*UTF8*$!
{
	archiveVersion = 1;
	classes = {
	};
	objectVersion = 46;
	objects = {

/* Begin PBXBuildFile section */
		2A32819818E940B1004675BC /* Foundation.framework in Frameworks */ = {isa = PBXBuildFile; fileRef = 2A32819718E940B1004675BC /* Foundation.framework */; };
		2A3281B318E9413C004675BC /* OfficialCheckViewController.m in Sources */ = {isa = PBXBuildFile; fileRef = 2A3281B218E9413C004675BC /* OfficialCheckViewController.m */; };
		2A3281B618E94151004675BC /* OfficialCheckView.m in Sources */ = {isa = PBXBuildFile; fileRef = 2A3281B518E94151004675BC /* OfficialCheckView.m */; };
/* End PBXBuildFile section */

/* Begin PBXCopyFilesBuildPhase section */
		2A32819218E940B1004675BC /* CopyFiles */ = {
			isa = PBXCopyFilesBuildPhase;
			buildActionMask = 2147483647;
			dstPath = "include/${PRODUCT_NAME}";
			dstSubfolderSpec = 16;
			files = (
			);
			runOnlyForDeploymentPostprocessing = 0;
		};
/* End PBXCopyFilesBuildPhase section */

/* Begin PBXFileReference section */
		2A32819418E940B1004675BC /* libOfficialCheck.a */ = {isa = PBXFileReference; explicitFileType = archive.ar; includeInIndex = 0; path = libOfficialCheck.a; sourceTree = BUILT_PRODUCTS_DIR; };
		2A32819718E940B1004675BC /* Foundation.framework */ = {isa = PBXFileReference; lastKnownFileType = wrapper.framework; name = Foundation.framework; path = System/Library/Frameworks/Foundation.framework; sourceTree = SDKROOT; };
		2A32819B18E940B1004675BC /* OfficialCheck-Prefix.pch */ = {isa = PBXFileReference; lastKnownFileType = sourcecode.c.h; path = "OfficialCheck-Prefix.pch"; sourceTree = "<group>"; };
		2A3281AD18E94114004675BC /* officalCheck.bundle */ = {isa = PBXFileReference; lastKnownFileType = "wrapper.plug-in"; path = officalCheck.bundle; sourceTree = "<group>"; };
		2A3281B118E9413C004675BC /* OfficialCheckViewController.h */ = {isa = PBXFileReference; fileEncoding = 4; lastKnownFileType = sourcecode.c.h; path = OfficialCheckViewController.h; sourceTree = "<group>"; };
		2A3281B218E9413C004675BC /* OfficialCheckViewController.m */ = {isa = PBXFileReference; fileEncoding = 4; lastKnownFileType = sourcecode.c.objc; path = OfficialCheckViewController.m; sourceTree = "<group>"; };
		2A3281B418E94151004675BC /* OfficialCheckView.h */ = {isa = PBXFileReference; fileEncoding = 4; lastKnownFileType = sourcecode.c.h; path = OfficialCheckView.h; sourceTree = "<group>"; };
		2A3281B518E94151004675BC /* OfficialCheckView.m */ = {isa = PBXFileReference; fileEncoding = 4; lastKnownFileType = sourcecode.c.objc; path = OfficialCheckView.m; sourceTree = "<group>"; };
/* End PBXFileReference section */

/* Begin PBXFrameworksBuildPhase section */
		2A32819118E940B1004675BC /* Frameworks */ = {
			isa = PBXFrameworksBuildPhase;
			buildActionMask = 2147483647;
			files = (
				2A32819818E940B1004675BC /* Foundation.framework in Frameworks */,
			);
			runOnlyForDeploymentPostprocessing = 0;
		};
/* End PBXFrameworksBuildPhase section */

/* Begin PBXGroup section */
		2A32818918E940B1004675BC = {
			isa = PBXGroup;
			children = (
				2A32819918E940B1004675BC /* OfficialCheck */,
				2A32819618E940B1004675BC /* Frameworks */,
				2A32819518E940B1004675BC /* Products */,
			);
			sourceTree = "<group>";
		};
		2A32819518E940B1004675BC /* Products */ = {
			isa = PBXGroup;
			children = (
				2A32819418E940B1004675BC /* libOfficialCheck.a */,
			);
			name = Products;
			sourceTree = "<group>";
		};
		2A32819618E940B1004675BC /* Frameworks */ = {
			isa = PBXGroup;
			children = (
				2A32819718E940B1004675BC /* Foundation.framework */,
			);
			name = Frameworks;
			sourceTree = "<group>";
		};
		2A32819918E940B1004675BC /* OfficialCheck */ = {
			isa = PBXGroup;
			children = (
				2A3281A818E94114004675BC /* BLL */,
				2A3281A918E94114004675BC /* DataParser */,
				2A3281AA18E94114004675BC /* Entity */,
				2A3281AB18E94114004675BC /* NetRequest */,
				2A3281AC18E94114004675BC /* Resource */,
				2A3281AE18E94114004675BC /* UI */,
				2A32819A18E940B1004675BC /* Supporting Files */,
			);
			path = OfficialCheck;
			sourceTree = "<group>";
		};
		2A32819A18E940B1004675BC /* Supporting Files */ = {
			isa = PBXGroup;
			children = (
				2A32819B18E940B1004675BC /* OfficialCheck-Prefix.pch */,
			);
			name = "Supporting Files";
			sourceTree = "<group>";
		};
		2A3281A818E94114004675BC /* BLL */ = {
			isa = PBXGroup;
			children = (
			);
			path = BLL;
			sourceTree = "<group>";
		};
		2A3281A918E94114004675BC /* DataParser */ = {
			isa = PBXGroup;
			children = (
			);
			path = DataParser;
			sourceTree = "<group>";
		};
		2A3281AA18E94114004675BC /* Entity */ = {
			isa = PBXGroup;
			children = (
			);
			path = Entity;
			sourceTree = "<group>";
		};
		2A3281AB18E94114004675BC /* NetRequest */ = {
			isa = PBXGroup;
			children = (
			);
			path = NetRequest;
			sourceTree = "<group>";
		};
		2A3281AC18E94114004675BC /* Resource */ = {
			isa = PBXGroup;
			children = (
				2A3281AD18E94114004675BC /* officalCheck.bundle */,
			);
			path = Resource;
			sourceTree = "<group>";
		};
		2A3281AE18E94114004675BC /* UI */ = {
			isa = PBXGroup;
			children = (
				2A3281AF18E94114004675BC /* LevelOne */,
			);
			path = UI;
			sourceTree = "<group>";
		};
		2A3281AF18E94114004675BC /* LevelOne */ = {
			isa = PBXGroup;
			children = (
				2A3281B418E94151004675BC /* OfficialCheckView.h */,
				2A3281B518E94151004675BC /* OfficialCheckView.m */,
				2A3281B118E9413C004675BC /* OfficialCheckViewController.h */,
				2A3281B218E9413C004675BC /* OfficialCheckViewController.m */,
			);
			path = LevelOne;
			sourceTree = "<group>";
		};
/* End PBXGroup section */

/* Begin PBXNativeTarget section */
		2A32819318E940B1004675BC /* OfficialCheck */ = {
			isa = PBXNativeTarget;
			buildConfigurationList = 2A3281A218E940B1004675BC /* Build configuration list for PBXNativeTarget "OfficialCheck" */;
			buildPhases = (
				2A32819018E940B1004675BC /* Sources */,
				2A32819118E940B1004675BC /* Frameworks */,
				2A32819218E940B1004675BC /* CopyFiles */,
			);
			buildRules = (
			);
			dependencies = (
			);
			name = OfficialCheck;
			productName = OfficialCheck;
			productReference = 2A32819418E940B1004675BC /* libOfficialCheck.a */;
			productType = "com.apple.product-type.library.static";
		};
/* End PBXNativeTarget section */

/* Begin PBXProject section */
		2A32818B18E940B1004675BC /* Project object */ = {
			isa = PBXProject;
			attributes = {
				LastUpgradeCheck = 0630;
				ORGANIZATIONNAME = kangqijun;
			};
			buildConfigurationList = 2A32818E18E940B1004675BC /* Build configuration list for PBXProject "OfficialCheck" */;
			compatibilityVersion = "Xcode 3.2";
			developmentRegion = English;
			hasScannedForEncodings = 0;
			knownRegions = (
				en,
			);
			mainGroup = 2A32818918E940B1004675BC;
			productRefGroup = 2A32819518E940B1004675BC /* Products */;
			projectDirPath = "";
			projectRoot = "";
			targets = (
				2A32819318E940B1004675BC /* OfficialCheck */,
			);
		};
/* End PBXProject section */

/* Begin PBXSourcesBuildPhase section */
		2A32819018E940B1004675BC /* Sources */ = {
			isa = PBXSourcesBuildPhase;
			buildActionMask = 2147483647;
			files = (
				2A3281B318E9413C004675BC /* OfficialCheckViewController.m in Sources */,
				2A3281B618E94151004675BC /* OfficialCheckView.m in Sources */,
			);
			runOnlyForDeploymentPostprocessing = 0;
		};
/* End PBXSourcesBuildPhase section */

/* Begin XCBuildConfiguration section */
		2A3281A018E940B1004675BC /* Debug */ = {
			isa = XCBuildConfiguration;
			buildSettings = {
				ALWAYS_SEARCH_USER_PATHS = NO;
				CLANG_CXX_LANGUAGE_STANDARD = "gnu++0x";
				CLANG_CXX_LIBRARY = "libc++";
				CLANG_WARN_EMPTY_BODY = YES;
				CLANG_WARN__DUPLICATE_METHOD_MATCH = YES;
				COPY_PHASE_STRIP = NO;
				GCC_C_LANGUAGE_STANDARD = gnu99;
				GCC_DYNAMIC_NO_PIC = NO;
				GCC_OPTIMIZATION_LEVEL = 0;
				GCC_PREPROCESSOR_DEFINITIONS = (
					"DEBUG=1",
					"$(inherited)",
				);
				GCC_SYMBOLS_PRIVATE_EXTERN = NO;
				GCC_WARN_ABOUT_RETURN_TYPE = YES;
				GCC_WARN_UNINITIALIZED_AUTOS = YES;
				GCC_WARN_UNUSED_VARIABLE = YES;
				IPHONEOS_DEPLOYMENT_TARGET = 7.0;
				ONLY_ACTIVE_ARCH = YES;
				SDKROOT = iphoneos;
			};
			name = Debug;
		};
		2A3281A118E940B1004675BC /* Release */ = {
			isa = XCBuildConfiguration;
			buildSettings = {
				ALWAYS_SEARCH_USER_PATHS = NO;
				CLANG_CXX_LANGUAGE_STANDARD = "gnu++0x";
				CLANG_CXX_LIBRARY = "libc++";
				CLANG_WARN_EMPTY_BODY = YES;
				CLANG_WARN__DUPLICATE_METHOD_MATCH = YES;
				COPY_PHASE_STRIP = YES;
				GCC_C_LANGUAGE_STANDARD = gnu99;
				GCC_WARN_ABOUT_RETURN_TYPE = YES;
				GCC_WARN_UNINITIALIZED_AUTOS = YES;
				GCC_WARN_UNUSED_VARIABLE = YES;
				IPHONEOS_DEPLOYMENT_TARGET = 7.0;
				SDKROOT = iphoneos;
				VALIDATE_PRODUCT = YES;
			};
			name = Release;
		};
		2A3281A318E940B1004675BC /* Debug */ = {
			isa = XCBuildConfiguration;
			buildSettings = {
				DSTROOT = /tmp/OfficialCheck.dst;
				GCC_PRECOMPILE_PREFIX_HEADER = YES;
				GCC_PREFIX_HEADER = "OfficialCheck/OfficialCheck-Prefix.pch";
				OTHER_LDFLAGS = "-ObjC";
				PRODUCT_NAME = "$(TARGET_NAME)";
				SKIP_INSTALL = YES;
				USER_HEADER_SEARCH_PATHS = "../../../Sandglass/** ../../../Classes/Public/**";
			};
			name = Debug;
		};
		2A3281A418E940B1004675BC /* Release */ = {
			isa = XCBuildConfiguration;
			buildSettings = {
				DSTROOT = /tmp/OfficialCheck.dst;
				GCC_PRECOMPILE_PREFIX_HEADER = YES;
				GCC_PREFIX_HEADER = "OfficialCheck/OfficialCheck-Prefix.pch";
				OTHER_LDFLAGS = "-ObjC";
				PRODUCT_NAME = "$(TARGET_NAME)";
				SKIP_INSTALL = YES;
				USER_HEADER_SEARCH_PATHS = "../../../Sandglass/** ../../../Classes/Public/**";
			};
			name = Release;
		};
/* End XCBuildConfiguration section */

/* Begin XCConfigurationList section */
		2A32818E18E940B1004675BC /* Build configuration list for PBXProject "OfficialCheck" */ = {
			isa = XCConfigurationList;
			buildConfigurations = (
				2A3281A018E940B1004675BC /* Debug */,
				2A3281A118E940B1004675BC /* Release */,
			);
			defaultConfigurationIsVisible = 0;
			defaultConfigurationName = Release;
		};
		2A3281A218E940B1004675BC /* Build configuration list for PBXNativeTarget "OfficialCheck" */ = {
			isa = XCConfigurationList;
			buildConfigurations = (
				2A3281A318E940B1004675BC /* Debug */,
				2A3281A418E940B1004675BC /* Release */,
			);
			defaultConfigurationIsVisible = 0;
			defaultConfigurationName = Release;
		};
/* End XCConfigurationList section */
	};
	rootObject = 2A32818B18E940B1004675BC /* Project object */;
}
