// !$*UTF8*$!
{
	archiveVersion = 1;
	classes = {
	};
	objectVersion = 46;
	objects = {

/* Begin PBXBuildFile section */
		2A6200B318E0132C002D90E6 /* Foundation.framework in Frameworks */ = {isa = PBXBuildFile; fileRef = 2A6200B218E0132C002D90E6 /* Foundation.framework */; };
		2A84137618E0397300F25B8F /* LCLevelOneViewController.m in Sources */ = {isa = PBXBuildFile; fileRef = 2A84137518E0397300F25B8F /* LCLevelOneViewController.m */; };
		2AC41ECA18E12C7500EFC461 /* LCNetRequest.m in Sources */ = {isa = PBXBuildFile; fileRef = 2AC41EC918E12C7500EFC461 /* LCNetRequest.m */; };
		2AF9132B18E1177600A269B6 /* LCLevelOneView.m in Sources */ = {isa = PBXBuildFile; fileRef = 2AF9132A18E1177600A269B6 /* LCLevelOneView.m */; };
		2AF9132E18E1179700A269B6 /* LCLevelOneTableViewController.m in Sources */ = {isa = PBXBuildFile; fileRef = 2AF9132D18E1179700A269B6 /* LCLevelOneTableViewController.m */; };
		48EB3D76190A569A00E6D491 /* LowCPortDataParser.m in Sources */ = {isa = PBXBuildFile; fileRef = 48EB3D75190A569A00E6D491 /* LowCPortDataParser.m */; };
		48EB3D79190A599C00E6D491 /* LowCPortMenuInfo.m in Sources */ = {isa = PBXBuildFile; fileRef = 48EB3D78190A599C00E6D491 /* LowCPortMenuInfo.m */; };
		48EB3D7C190A600900E6D491 /* LowCLevelOneCell.m in Sources */ = {isa = PBXBuildFile; fileRef = 48EB3D7B190A600900E6D491 /* LowCLevelOneCell.m */; };
		48EB3D7F190A65E700E6D491 /* LowCPortContentViewController.m in Sources */ = {isa = PBXBuildFile; fileRef = 48EB3D7E190A65E600E6D491 /* LowCPortContentViewController.m */; };
/* End PBXBuildFile section */

/* Begin PBXCopyFilesBuildPhase section */
		2A6200AD18E0132C002D90E6 /* CopyFiles */ = {
			isa = PBXCopyFilesBuildPhase;
			buildActionMask = 2147483647;
			dstPath = "include/${PRODUCT_NAME}";
			dstSubfolderSpec = 16;
			files = (
			);
			runOnlyForDeploymentPostprocessing = 0;
		};
/* End PBXCopyFilesBuildPhase section */

/* Begin PBXFileReference section */
		2A6200AF18E0132C002D90E6 /* libLCHarbour.a */ = {isa = PBXFileReference; explicitFileType = archive.ar; includeInIndex = 0; path = libLCHarbour.a; sourceTree = BUILT_PRODUCTS_DIR; };
		2A6200B218E0132C002D90E6 /* Foundation.framework */ = {isa = PBXFileReference; lastKnownFileType = wrapper.framework; name = Foundation.framework; path = System/Library/Frameworks/Foundation.framework; sourceTree = SDKROOT; };
		2A6200B618E0132C002D90E6 /* LCHarbour-Prefix.pch */ = {isa = PBXFileReference; lastKnownFileType = sourcecode.c.h; path = "LCHarbour-Prefix.pch"; sourceTree = "<group>"; };
		2A6200C818E013A4002D90E6 /* lcHarbour.bundle */ = {isa = PBXFileReference; lastKnownFileType = "wrapper.plug-in"; path = lcHarbour.bundle; sourceTree = "<group>"; };
		2A84137418E0397300F25B8F /* LCLevelOneViewController.h */ = {isa = PBXFileReference; fileEncoding = 4; lastKnownFileType = sourcecode.c.h; path = LCLevelOneViewController.h; sourceTree = "<group>"; };
		2A84137518E0397300F25B8F /* LCLevelOneViewController.m */ = {isa = PBXFileReference; fileEncoding = 4; lastKnownFileType = sourcecode.c.objc; path = LCLevelOneViewController.m; sourceTree = "<group>"; };
		2AC41EC818E12C7500EFC461 /* LCNetRequest.h */ = {isa = PBXFileReference; fileEncoding = 4; lastKnownFileType = sourcecode.c.h; path = LCNetRequest.h; sourceTree = "<group>"; };
		2AC41EC918E12C7500EFC461 /* LCNetRequest.m */ = {isa = PBXFileReference; fileEncoding = 4; lastKnownFileType = sourcecode.c.objc; path = LCNetRequest.m; sourceTree = "<group>"; };
		2AF9132918E1177600A269B6 /* LCLevelOneView.h */ = {isa = PBXFileReference; fileEncoding = 4; lastKnownFileType = sourcecode.c.h; path = LCLevelOneView.h; sourceTree = "<group>"; };
		2AF9132A18E1177600A269B6 /* LCLevelOneView.m */ = {isa = PBXFileReference; fileEncoding = 4; lastKnownFileType = sourcecode.c.objc; path = LCLevelOneView.m; sourceTree = "<group>"; };
		2AF9132C18E1179700A269B6 /* LCLevelOneTableViewController.h */ = {isa = PBXFileReference; fileEncoding = 4; lastKnownFileType = sourcecode.c.h; path = LCLevelOneTableViewController.h; sourceTree = "<group>"; };
		2AF9132D18E1179700A269B6 /* LCLevelOneTableViewController.m */ = {isa = PBXFileReference; fileEncoding = 4; lastKnownFileType = sourcecode.c.objc; path = LCLevelOneTableViewController.m; sourceTree = "<group>"; };
		48EB3D74190A569A00E6D491 /* LowCPortDataParser.h */ = {isa = PBXFileReference; fileEncoding = 4; lastKnownFileType = sourcecode.c.h; path = LowCPortDataParser.h; sourceTree = "<group>"; };
		48EB3D75190A569A00E6D491 /* LowCPortDataParser.m */ = {isa = PBXFileReference; fileEncoding = 4; lastKnownFileType = sourcecode.c.objc; path = LowCPortDataParser.m; sourceTree = "<group>"; };
		48EB3D77190A599C00E6D491 /* LowCPortMenuInfo.h */ = {isa = PBXFileReference; fileEncoding = 4; lastKnownFileType = sourcecode.c.h; path = LowCPortMenuInfo.h; sourceTree = "<group>"; };
		48EB3D78190A599C00E6D491 /* LowCPortMenuInfo.m */ = {isa = PBXFileReference; fileEncoding = 4; lastKnownFileType = sourcecode.c.objc; path = LowCPortMenuInfo.m; sourceTree = "<group>"; };
		48EB3D7A190A600900E6D491 /* LowCLevelOneCell.h */ = {isa = PBXFileReference; fileEncoding = 4; lastKnownFileType = sourcecode.c.h; path = LowCLevelOneCell.h; sourceTree = "<group>"; };
		48EB3D7B190A600900E6D491 /* LowCLevelOneCell.m */ = {isa = PBXFileReference; fileEncoding = 4; lastKnownFileType = sourcecode.c.objc; path = LowCLevelOneCell.m; sourceTree = "<group>"; };
		48EB3D7D190A65E600E6D491 /* LowCPortContentViewController.h */ = {isa = PBXFileReference; fileEncoding = 4; lastKnownFileType = sourcecode.c.h; name = LowCPortContentViewController.h; path = LCHarbour/UI/LevelTwo/LowCPortContentViewController.h; sourceTree = SOURCE_ROOT; };
		48EB3D7E190A65E600E6D491 /* LowCPortContentViewController.m */ = {isa = PBXFileReference; fileEncoding = 4; lastKnownFileType = sourcecode.c.objc; name = LowCPortContentViewController.m; path = LCHarbour/UI/LevelTwo/LowCPortContentViewController.m; sourceTree = SOURCE_ROOT; };
/* End PBXFileReference section */

/* Begin PBXFrameworksBuildPhase section */
		2A6200AC18E0132C002D90E6 /* Frameworks */ = {
			isa = PBXFrameworksBuildPhase;
			buildActionMask = 2147483647;
			files = (
				2A6200B318E0132C002D90E6 /* Foundation.framework in Frameworks */,
			);
			runOnlyForDeploymentPostprocessing = 0;
		};
/* End PBXFrameworksBuildPhase section */

/* Begin PBXGroup section */
		2A6200A418E0132C002D90E6 = {
			isa = PBXGroup;
			children = (
				2A6200B418E0132C002D90E6 /* LCHarbour */,
				2A6200B118E0132C002D90E6 /* Frameworks */,
				2A6200B018E0132C002D90E6 /* Products */,
			);
			sourceTree = "<group>";
		};
		2A6200B018E0132C002D90E6 /* Products */ = {
			isa = PBXGroup;
			children = (
				2A6200AF18E0132C002D90E6 /* libLCHarbour.a */,
			);
			name = Products;
			sourceTree = "<group>";
		};
		2A6200B118E0132C002D90E6 /* Frameworks */ = {
			isa = PBXGroup;
			children = (
				2A6200B218E0132C002D90E6 /* Foundation.framework */,
			);
			name = Frameworks;
			sourceTree = "<group>";
		};
		2A6200B418E0132C002D90E6 /* LCHarbour */ = {
			isa = PBXGroup;
			children = (
				2A6200C318E013A4002D90E6 /* BLL */,
				2A6200C418E013A4002D90E6 /* DataParser */,
				2A6200C518E013A4002D90E6 /* Entity */,
				2A6200C618E013A4002D90E6 /* NetRequest */,
				2A6200C718E013A4002D90E6 /* Resource */,
				2A6200C918E013A4002D90E6 /* UI */,
				2A6200B518E0132C002D90E6 /* Supporting Files */,
			);
			path = LCHarbour;
			sourceTree = "<group>";
		};
		2A6200B518E0132C002D90E6 /* Supporting Files */ = {
			isa = PBXGroup;
			children = (
				2A6200B618E0132C002D90E6 /* LCHarbour-Prefix.pch */,
			);
			name = "Supporting Files";
			sourceTree = "<group>";
		};
		2A6200C318E013A4002D90E6 /* BLL */ = {
			isa = PBXGroup;
			children = (
			);
			path = BLL;
			sourceTree = "<group>";
		};
		2A6200C418E013A4002D90E6 /* DataParser */ = {
			isa = PBXGroup;
			children = (
				48EB3D74190A569A00E6D491 /* LowCPortDataParser.h */,
				48EB3D75190A569A00E6D491 /* LowCPortDataParser.m */,
			);
			path = DataParser;
			sourceTree = "<group>";
		};
		2A6200C518E013A4002D90E6 /* Entity */ = {
			isa = PBXGroup;
			children = (
				48EB3D77190A599C00E6D491 /* LowCPortMenuInfo.h */,
				48EB3D78190A599C00E6D491 /* LowCPortMenuInfo.m */,
			);
			path = Entity;
			sourceTree = "<group>";
		};
		2A6200C618E013A4002D90E6 /* NetRequest */ = {
			isa = PBXGroup;
			children = (
				2AC41EC818E12C7500EFC461 /* LCNetRequest.h */,
				2AC41EC918E12C7500EFC461 /* LCNetRequest.m */,
			);
			path = NetRequest;
			sourceTree = "<group>";
		};
		2A6200C718E013A4002D90E6 /* Resource */ = {
			isa = PBXGroup;
			children = (
				2A6200C818E013A4002D90E6 /* lcHarbour.bundle */,
			);
			path = Resource;
			sourceTree = "<group>";
		};
		2A6200C918E013A4002D90E6 /* UI */ = {
			isa = PBXGroup;
			children = (
				2A6200CA18E013A4002D90E6 /* LevelOne */,
				2A6200CB18E013A4002D90E6 /* LevelTwo */,
			);
			path = UI;
			sourceTree = "<group>";
		};
		2A6200CA18E013A4002D90E6 /* LevelOne */ = {
			isa = PBXGroup;
			children = (
				2AF9132918E1177600A269B6 /* LCLevelOneView.h */,
				2AF9132A18E1177600A269B6 /* LCLevelOneView.m */,
				2A84137418E0397300F25B8F /* LCLevelOneViewController.h */,
				2A84137518E0397300F25B8F /* LCLevelOneViewController.m */,
				2AF9132C18E1179700A269B6 /* LCLevelOneTableViewController.h */,
				2AF9132D18E1179700A269B6 /* LCLevelOneTableViewController.m */,
				48EB3D7A190A600900E6D491 /* LowCLevelOneCell.h */,
				48EB3D7B190A600900E6D491 /* LowCLevelOneCell.m */,
			);
			path = LevelOne;
			sourceTree = "<group>";
		};
		2A6200CB18E013A4002D90E6 /* LevelTwo */ = {
			isa = PBXGroup;
			children = (
				48EB3D7D190A65E600E6D491 /* LowCPortContentViewController.h */,
				48EB3D7E190A65E600E6D491 /* LowCPortContentViewController.m */,
			);
			path = LevelTwo;
			sourceTree = "<group>";
		};
/* End PBXGroup section */

/* Begin PBXNativeTarget section */
		2A6200AE18E0132C002D90E6 /* LCHarbour */ = {
			isa = PBXNativeTarget;
			buildConfigurationList = 2A6200BD18E0132C002D90E6 /* Build configuration list for PBXNativeTarget "LCHarbour" */;
			buildPhases = (
				2A6200AB18E0132C002D90E6 /* Sources */,
				2A6200AC18E0132C002D90E6 /* Frameworks */,
				2A6200AD18E0132C002D90E6 /* CopyFiles */,
			);
			buildRules = (
			);
			dependencies = (
			);
			name = LCHarbour;
			productName = LCHarbour;
			productReference = 2A6200AF18E0132C002D90E6 /* libLCHarbour.a */;
			productType = "com.apple.product-type.library.static";
		};
/* End PBXNativeTarget section */

/* Begin PBXProject section */
		2A6200A618E0132C002D90E6 /* Project object */ = {
			isa = PBXProject;
			attributes = {
				LastUpgradeCheck = 0450;
				ORGANIZATIONNAME = kangqijun;
			};
			buildConfigurationList = 2A6200A918E0132C002D90E6 /* Build configuration list for PBXProject "LCHarbour" */;
			compatibilityVersion = "Xcode 3.2";
			developmentRegion = English;
			hasScannedForEncodings = 0;
			knownRegions = (
				en,
			);
			mainGroup = 2A6200A418E0132C002D90E6;
			productRefGroup = 2A6200B018E0132C002D90E6 /* Products */;
			projectDirPath = "";
			projectRoot = "";
			targets = (
				2A6200AE18E0132C002D90E6 /* LCHarbour */,
			);
		};
/* End PBXProject section */

/* Begin PBXSourcesBuildPhase section */
		2A6200AB18E0132C002D90E6 /* Sources */ = {
			isa = PBXSourcesBuildPhase;
			buildActionMask = 2147483647;
			files = (
				48EB3D76190A569A00E6D491 /* LowCPortDataParser.m in Sources */,
				2AC41ECA18E12C7500EFC461 /* LCNetRequest.m in Sources */,
				2AF9132E18E1179700A269B6 /* LCLevelOneTableViewController.m in Sources */,
				2A84137618E0397300F25B8F /* LCLevelOneViewController.m in Sources */,
				2AF9132B18E1177600A269B6 /* LCLevelOneView.m in Sources */,
				48EB3D7C190A600900E6D491 /* LowCLevelOneCell.m in Sources */,
				48EB3D79190A599C00E6D491 /* LowCPortMenuInfo.m in Sources */,
				48EB3D7F190A65E700E6D491 /* LowCPortContentViewController.m in Sources */,
			);
			runOnlyForDeploymentPostprocessing = 0;
		};
/* End PBXSourcesBuildPhase section */

/* Begin XCBuildConfiguration section */
		2A6200BB18E0132C002D90E6 /* Debug */ = {
			isa = XCBuildConfiguration;
			buildSettings = {
				ALWAYS_SEARCH_USER_PATHS = NO;
				CLANG_CXX_LANGUAGE_STANDARD = "gnu++0x";
				CLANG_CXX_LIBRARY = "libc++";
				CLANG_WARN_EMPTY_BODY = YES;
				CLANG_WARN__DUPLICATE_METHOD_MATCH = YES;
				COPY_PHASE_STRIP = NO;
				GCC_C_LANGUAGE_STANDARD = gnu99;
				GCC_DYNAMIC_NO_PIC = NO;
				GCC_OPTIMIZATION_LEVEL = 0;
				GCC_PREPROCESSOR_DEFINITIONS = (
					"DEBUG=1",
					"$(inherited)",
				);
				GCC_SYMBOLS_PRIVATE_EXTERN = NO;
				GCC_WARN_ABOUT_RETURN_TYPE = YES;
				GCC_WARN_UNINITIALIZED_AUTOS = YES;
				GCC_WARN_UNUSED_VARIABLE = YES;
				IPHONEOS_DEPLOYMENT_TARGET = 7.0;
				SDKROOT = iphoneos;
			};
			name = Debug;
		};
		2A6200BC18E0132C002D90E6 /* Release */ = {
			isa = XCBuildConfiguration;
			buildSettings = {
				ALWAYS_SEARCH_USER_PATHS = NO;
				CLANG_CXX_LANGUAGE_STANDARD = "gnu++0x";
				CLANG_CXX_LIBRARY = "libc++";
				CLANG_WARN_EMPTY_BODY = YES;
				CLANG_WARN__DUPLICATE_METHOD_MATCH = YES;
				COPY_PHASE_STRIP = YES;
				GCC_C_LANGUAGE_STANDARD = gnu99;
				GCC_WARN_ABOUT_RETURN_TYPE = YES;
				GCC_WARN_UNINITIALIZED_AUTOS = YES;
				GCC_WARN_UNUSED_VARIABLE = YES;
				IPHONEOS_DEPLOYMENT_TARGET = 7.0;
				SDKROOT = iphoneos;
				VALIDATE_PRODUCT = YES;
			};
			name = Release;
		};
		2A6200BE18E0132C002D90E6 /* Debug */ = {
			isa = XCBuildConfiguration;
			buildSettings = {
				DSTROOT = /tmp/LCHarbour.dst;
				GCC_PRECOMPILE_PREFIX_HEADER = YES;
				GCC_PREFIX_HEADER = "LCHarbour/LCHarbour-Prefix.pch";
				OTHER_LDFLAGS = "-ObjC";
				PRODUCT_NAME = "$(TARGET_NAME)";
				SKIP_INSTALL = YES;
				USER_HEADER_SEARCH_PATHS = "../../../Sandglass/** ../../../Classes/Public/**";
			};
			name = Debug;
		};
		2A6200BF18E0132C002D90E6 /* Release */ = {
			isa = XCBuildConfiguration;
			buildSettings = {
				DSTROOT = /tmp/LCHarbour.dst;
				GCC_PRECOMPILE_PREFIX_HEADER = YES;
				GCC_PREFIX_HEADER = "LCHarbour/LCHarbour-Prefix.pch";
				OTHER_LDFLAGS = "-ObjC";
				PRODUCT_NAME = "$(TARGET_NAME)";
				SKIP_INSTALL = YES;
				USER_HEADER_SEARCH_PATHS = "../../../Sandglass/** ../../../Classes/Public/**";
			};
			name = Release;
		};
/* End XCBuildConfiguration section */

/* Begin XCConfigurationList section */
		2A6200A918E0132C002D90E6 /* Build configuration list for PBXProject "LCHarbour" */ = {
			isa = XCConfigurationList;
			buildConfigurations = (
				2A6200BB18E0132C002D90E6 /* Debug */,
				2A6200BC18E0132C002D90E6 /* Release */,
			);
			defaultConfigurationIsVisible = 0;
			defaultConfigurationName = Release;
		};
		2A6200BD18E0132C002D90E6 /* Build configuration list for PBXNativeTarget "LCHarbour" */ = {
			isa = XCConfigurationList;
			buildConfigurations = (
				2A6200BE18E0132C002D90E6 /* Debug */,
				2A6200BF18E0132C002D90E6 /* Release */,
			);
			defaultConfigurationIsVisible = 0;
			defaultConfigurationName = Release;
		};
/* End XCConfigurationList section */
	};
	rootObject = 2A6200A618E0132C002D90E6 /* Project object */;
}
