// !$*UTF8*$!
{
	archiveVersion = 1;
	classes = {
	};
	objectVersion = 46;
	objects = {

/* Begin PBXBuildFile section */
		2AECF94D18D68467001BD9D4 /* Foundation.framework in Frameworks */ = {isa = PBXBuildFile; fileRef = 2AECF94C18D68467001BD9D4 /* Foundation.framework */; };
		2AECF96E18D68675001BD9D4 /* NewsflashLevelOneView.m in Sources */ = {isa = PBXBuildFile; fileRef = 2AECF96D18D68675001BD9D4 /* NewsflashLevelOneView.m */; };
		2AECF97118D68691001BD9D4 /* NewsflashLevelOneViewController.m in Sources */ = {isa = PBXBuildFile; fileRef = 2AECF97018D68691001BD9D4 /* NewsflashLevelOneViewController.m */; };
		2AECF97418D686B2001BD9D4 /* NewsflashLevelOneTableViewController.m in Sources */ = {isa = PBXBuildFile; fileRef = 2AECF97318D686B2001BD9D4 /* NewsflashLevelOneTableViewController.m */; };
		48D19AC719092495001710EA /* SecurityDailyInfo.m in Sources */ = {isa = PBXBuildFile; fileRef = 48D19AC619092494001710EA /* SecurityDailyInfo.m */; };
		D2F8411218DFFC2E00C6471F /* NewsflashNetRequest.m in Sources */ = {isa = PBXBuildFile; fileRef = D2F8411118DFFC2E00C6471F /* NewsflashNetRequest.m */; };
		D2F8411518E000CB00C6471F /* NewsflashLevelOneCell.m in Sources */ = {isa = PBXBuildFile; fileRef = D2F8411418E000CB00C6471F /* NewsflashLevelOneCell.m */; };
		D2F8411818E0012C00C6471F /* NewsflashBLL.m in Sources */ = {isa = PBXBuildFile; fileRef = D2F8411718E0012C00C6471F /* NewsflashBLL.m */; };
		D2F8412718E0065B00C6471F /* NewsflashEntity.m in Sources */ = {isa = PBXBuildFile; fileRef = D2F8412618E0065B00C6471F /* NewsflashEntity.m */; };
		D2F8412A18E00F3400C6471F /* NewsflashParser.m in Sources */ = {isa = PBXBuildFile; fileRef = D2F8412918E00F3400C6471F /* NewsflashParser.m */; };
		D2F8412E18E02FA300C6471F /* NewsflashLevelTwoViewController.m in Sources */ = {isa = PBXBuildFile; fileRef = D2F8412D18E02FA300C6471F /* NewsflashLevelTwoViewController.m */; };
		D2F8413118E02FCC00C6471F /* NewsflashLevelTwoView.m in Sources */ = {isa = PBXBuildFile; fileRef = D2F8413018E02FCC00C6471F /* NewsflashLevelTwoView.m */; };
		D2F8413418E0302100C6471F /* NewsflashLevelTwoTableViewController.m in Sources */ = {isa = PBXBuildFile; fileRef = D2F8413318E0302100C6471F /* NewsflashLevelTwoTableViewController.m */; };
		D2F8413A18E0404500C6471F /* NewsflashLevelTwoCell.m in Sources */ = {isa = PBXBuildFile; fileRef = D2F8413918E0404500C6471F /* NewsflashLevelTwoCell.m */; };
		D2F8414018E0420000C6471F /* NewsflashContentViewController.m in Sources */ = {isa = PBXBuildFile; fileRef = D2F8413F18E0420000C6471F /* NewsflashContentViewController.m */; };
/* End PBXBuildFile section */

/* Begin PBXCopyFilesBuildPhase section */
		2AECF94718D68467001BD9D4 /* CopyFiles */ = {
			isa = PBXCopyFilesBuildPhase;
			buildActionMask = 2147483647;
			dstPath = "include/${PRODUCT_NAME}";
			dstSubfolderSpec = 16;
			files = (
			);
			runOnlyForDeploymentPostprocessing = 0;
		};
/* End PBXCopyFilesBuildPhase section */

/* Begin PBXFileReference section */
		2AECF94918D68467001BD9D4 /* libNewsflash.a */ = {isa = PBXFileReference; explicitFileType = archive.ar; includeInIndex = 0; path = libNewsflash.a; sourceTree = BUILT_PRODUCTS_DIR; };
		2AECF94C18D68467001BD9D4 /* Foundation.framework */ = {isa = PBXFileReference; lastKnownFileType = wrapper.framework; name = Foundation.framework; path = System/Library/Frameworks/Foundation.framework; sourceTree = SDKROOT; };
		2AECF95018D68467001BD9D4 /* Newsflash-Prefix.pch */ = {isa = PBXFileReference; lastKnownFileType = sourcecode.c.h; path = "Newsflash-Prefix.pch"; sourceTree = "<group>"; };
		2AECF96818D685CB001BD9D4 /* Newsflash.bundle */ = {isa = PBXFileReference; lastKnownFileType = "wrapper.plug-in"; path = Newsflash.bundle; sourceTree = "<group>"; };
		2AECF96C18D68675001BD9D4 /* NewsflashLevelOneView.h */ = {isa = PBXFileReference; fileEncoding = 4; lastKnownFileType = sourcecode.c.h; path = NewsflashLevelOneView.h; sourceTree = "<group>"; };
		2AECF96D18D68675001BD9D4 /* NewsflashLevelOneView.m */ = {isa = PBXFileReference; fileEncoding = 4; lastKnownFileType = sourcecode.c.objc; path = NewsflashLevelOneView.m; sourceTree = "<group>"; };
		2AECF96F18D68691001BD9D4 /* NewsflashLevelOneViewController.h */ = {isa = PBXFileReference; fileEncoding = 4; lastKnownFileType = sourcecode.c.h; path = NewsflashLevelOneViewController.h; sourceTree = "<group>"; };
		2AECF97018D68691001BD9D4 /* NewsflashLevelOneViewController.m */ = {isa = PBXFileReference; fileEncoding = 4; lastKnownFileType = sourcecode.c.objc; path = NewsflashLevelOneViewController.m; sourceTree = "<group>"; };
		2AECF97218D686B2001BD9D4 /* NewsflashLevelOneTableViewController.h */ = {isa = PBXFileReference; fileEncoding = 4; lastKnownFileType = sourcecode.c.h; path = NewsflashLevelOneTableViewController.h; sourceTree = "<group>"; };
		2AECF97318D686B2001BD9D4 /* NewsflashLevelOneTableViewController.m */ = {isa = PBXFileReference; fileEncoding = 4; lastKnownFileType = sourcecode.c.objc; path = NewsflashLevelOneTableViewController.m; sourceTree = "<group>"; };
		48D19AC519092494001710EA /* SecurityDailyInfo.h */ = {isa = PBXFileReference; fileEncoding = 4; lastKnownFileType = sourcecode.c.h; path = SecurityDailyInfo.h; sourceTree = "<group>"; };
		48D19AC619092494001710EA /* SecurityDailyInfo.m */ = {isa = PBXFileReference; fileEncoding = 4; lastKnownFileType = sourcecode.c.objc; path = SecurityDailyInfo.m; sourceTree = "<group>"; };
		D2F8411018DFFC2E00C6471F /* NewsflashNetRequest.h */ = {isa = PBXFileReference; fileEncoding = 4; lastKnownFileType = sourcecode.c.h; path = NewsflashNetRequest.h; sourceTree = "<group>"; };
		D2F8411118DFFC2E00C6471F /* NewsflashNetRequest.m */ = {isa = PBXFileReference; fileEncoding = 4; lastKnownFileType = sourcecode.c.objc; path = NewsflashNetRequest.m; sourceTree = "<group>"; };
		D2F8411318E000CB00C6471F /* NewsflashLevelOneCell.h */ = {isa = PBXFileReference; fileEncoding = 4; lastKnownFileType = sourcecode.c.h; path = NewsflashLevelOneCell.h; sourceTree = "<group>"; };
		D2F8411418E000CB00C6471F /* NewsflashLevelOneCell.m */ = {isa = PBXFileReference; fileEncoding = 4; lastKnownFileType = sourcecode.c.objc; path = NewsflashLevelOneCell.m; sourceTree = "<group>"; };
		D2F8411618E0012C00C6471F /* NewsflashBLL.h */ = {isa = PBXFileReference; fileEncoding = 4; lastKnownFileType = sourcecode.c.h; path = NewsflashBLL.h; sourceTree = "<group>"; };
		D2F8411718E0012C00C6471F /* NewsflashBLL.m */ = {isa = PBXFileReference; fileEncoding = 4; lastKnownFileType = sourcecode.c.objc; path = NewsflashBLL.m; sourceTree = "<group>"; };
		D2F8412518E0065B00C6471F /* NewsflashEntity.h */ = {isa = PBXFileReference; fileEncoding = 4; lastKnownFileType = sourcecode.c.h; path = NewsflashEntity.h; sourceTree = "<group>"; };
		D2F8412618E0065B00C6471F /* NewsflashEntity.m */ = {isa = PBXFileReference; fileEncoding = 4; lastKnownFileType = sourcecode.c.objc; path = NewsflashEntity.m; sourceTree = "<group>"; };
		D2F8412818E00F3400C6471F /* NewsflashParser.h */ = {isa = PBXFileReference; fileEncoding = 4; lastKnownFileType = sourcecode.c.h; path = NewsflashParser.h; sourceTree = "<group>"; };
		D2F8412918E00F3400C6471F /* NewsflashParser.m */ = {isa = PBXFileReference; fileEncoding = 4; lastKnownFileType = sourcecode.c.objc; path = NewsflashParser.m; sourceTree = "<group>"; };
		D2F8412C18E02FA300C6471F /* NewsflashLevelTwoViewController.h */ = {isa = PBXFileReference; fileEncoding = 4; lastKnownFileType = sourcecode.c.h; path = NewsflashLevelTwoViewController.h; sourceTree = "<group>"; };
		D2F8412D18E02FA300C6471F /* NewsflashLevelTwoViewController.m */ = {isa = PBXFileReference; fileEncoding = 4; lastKnownFileType = sourcecode.c.objc; path = NewsflashLevelTwoViewController.m; sourceTree = "<group>"; };
		D2F8412F18E02FCC00C6471F /* NewsflashLevelTwoView.h */ = {isa = PBXFileReference; fileEncoding = 4; lastKnownFileType = sourcecode.c.h; path = NewsflashLevelTwoView.h; sourceTree = "<group>"; };
		D2F8413018E02FCC00C6471F /* NewsflashLevelTwoView.m */ = {isa = PBXFileReference; fileEncoding = 4; lastKnownFileType = sourcecode.c.objc; path = NewsflashLevelTwoView.m; sourceTree = "<group>"; };
		D2F8413218E0302100C6471F /* NewsflashLevelTwoTableViewController.h */ = {isa = PBXFileReference; fileEncoding = 4; lastKnownFileType = sourcecode.c.h; path = NewsflashLevelTwoTableViewController.h; sourceTree = "<group>"; };
		D2F8413318E0302100C6471F /* NewsflashLevelTwoTableViewController.m */ = {isa = PBXFileReference; fileEncoding = 4; lastKnownFileType = sourcecode.c.objc; path = NewsflashLevelTwoTableViewController.m; sourceTree = "<group>"; };
		D2F8413818E0404500C6471F /* NewsflashLevelTwoCell.h */ = {isa = PBXFileReference; fileEncoding = 4; lastKnownFileType = sourcecode.c.h; path = NewsflashLevelTwoCell.h; sourceTree = "<group>"; };
		D2F8413918E0404500C6471F /* NewsflashLevelTwoCell.m */ = {isa = PBXFileReference; fileEncoding = 4; lastKnownFileType = sourcecode.c.objc; path = NewsflashLevelTwoCell.m; sourceTree = "<group>"; };
		D2F8413E18E0420000C6471F /* NewsflashContentViewController.h */ = {isa = PBXFileReference; fileEncoding = 4; lastKnownFileType = sourcecode.c.h; path = NewsflashContentViewController.h; sourceTree = "<group>"; };
		D2F8413F18E0420000C6471F /* NewsflashContentViewController.m */ = {isa = PBXFileReference; fileEncoding = 4; lastKnownFileType = sourcecode.c.objc; path = NewsflashContentViewController.m; sourceTree = "<group>"; };
/* End PBXFileReference section */

/* Begin PBXFrameworksBuildPhase section */
		2AECF94618D68467001BD9D4 /* Frameworks */ = {
			isa = PBXFrameworksBuildPhase;
			buildActionMask = 2147483647;
			files = (
				2AECF94D18D68467001BD9D4 /* Foundation.framework in Frameworks */,
			);
			runOnlyForDeploymentPostprocessing = 0;
		};
/* End PBXFrameworksBuildPhase section */

/* Begin PBXGroup section */
		2AECF93E18D68467001BD9D4 = {
			isa = PBXGroup;
			children = (
				2AECF94E18D68467001BD9D4 /* Newsflash */,
				2AECF94B18D68467001BD9D4 /* Frameworks */,
				2AECF94A18D68467001BD9D4 /* Products */,
			);
			sourceTree = "<group>";
		};
		2AECF94A18D68467001BD9D4 /* Products */ = {
			isa = PBXGroup;
			children = (
				2AECF94918D68467001BD9D4 /* libNewsflash.a */,
			);
			name = Products;
			sourceTree = "<group>";
		};
		2AECF94B18D68467001BD9D4 /* Frameworks */ = {
			isa = PBXGroup;
			children = (
				2AECF94C18D68467001BD9D4 /* Foundation.framework */,
			);
			name = Frameworks;
			sourceTree = "<group>";
		};
		2AECF94E18D68467001BD9D4 /* Newsflash */ = {
			isa = PBXGroup;
			children = (
				2AECF96318D685CB001BD9D4 /* BLL */,
				2AECF96418D685CB001BD9D4 /* DataParser */,
				2AECF96518D685CB001BD9D4 /* Entity */,
				2AECF96618D685CB001BD9D4 /* NetRequest */,
				2AECF96718D685CB001BD9D4 /* Resource */,
				2AECF96918D685CB001BD9D4 /* UI */,
				2AECF94F18D68467001BD9D4 /* Supporting Files */,
			);
			path = Newsflash;
			sourceTree = "<group>";
		};
		2AECF94F18D68467001BD9D4 /* Supporting Files */ = {
			isa = PBXGroup;
			children = (
				2AECF95018D68467001BD9D4 /* Newsflash-Prefix.pch */,
			);
			name = "Supporting Files";
			sourceTree = "<group>";
		};
		2AECF96318D685CB001BD9D4 /* BLL */ = {
			isa = PBXGroup;
			children = (
				D2F8411618E0012C00C6471F /* NewsflashBLL.h */,
				D2F8411718E0012C00C6471F /* NewsflashBLL.m */,
			);
			path = BLL;
			sourceTree = "<group>";
		};
		2AECF96418D685CB001BD9D4 /* DataParser */ = {
			isa = PBXGroup;
			children = (
				D2F8412818E00F3400C6471F /* NewsflashParser.h */,
				D2F8412918E00F3400C6471F /* NewsflashParser.m */,
			);
			path = DataParser;
			sourceTree = "<group>";
		};
		2AECF96518D685CB001BD9D4 /* Entity */ = {
			isa = PBXGroup;
			children = (
				D2F8412518E0065B00C6471F /* NewsflashEntity.h */,
				D2F8412618E0065B00C6471F /* NewsflashEntity.m */,
				48D19AC519092494001710EA /* SecurityDailyInfo.h */,
				48D19AC619092494001710EA /* SecurityDailyInfo.m */,
			);
			path = Entity;
			sourceTree = "<group>";
		};
		2AECF96618D685CB001BD9D4 /* NetRequest */ = {
			isa = PBXGroup;
			children = (
				D2F8411018DFFC2E00C6471F /* NewsflashNetRequest.h */,
				D2F8411118DFFC2E00C6471F /* NewsflashNetRequest.m */,
			);
			path = NetRequest;
			sourceTree = "<group>";
		};
		2AECF96718D685CB001BD9D4 /* Resource */ = {
			isa = PBXGroup;
			children = (
				2AECF96818D685CB001BD9D4 /* Newsflash.bundle */,
			);
			path = Resource;
			sourceTree = "<group>";
		};
		2AECF96918D685CB001BD9D4 /* UI */ = {
			isa = PBXGroup;
			children = (
				D2F8412B18E02F6D00C6471F /* LevelTwo */,
				2AECF96A18D685CB001BD9D4 /* LevelOne */,
			);
			path = UI;
			sourceTree = "<group>";
		};
		2AECF96A18D685CB001BD9D4 /* LevelOne */ = {
			isa = PBXGroup;
			children = (
				2AECF96C18D68675001BD9D4 /* NewsflashLevelOneView.h */,
				2AECF96D18D68675001BD9D4 /* NewsflashLevelOneView.m */,
				2AECF96F18D68691001BD9D4 /* NewsflashLevelOneViewController.h */,
				2AECF97018D68691001BD9D4 /* NewsflashLevelOneViewController.m */,
				2AECF97218D686B2001BD9D4 /* NewsflashLevelOneTableViewController.h */,
				2AECF97318D686B2001BD9D4 /* NewsflashLevelOneTableViewController.m */,
				D2F8411318E000CB00C6471F /* NewsflashLevelOneCell.h */,
				D2F8411418E000CB00C6471F /* NewsflashLevelOneCell.m */,
			);
			path = LevelOne;
			sourceTree = "<group>";
		};
		D2F8412B18E02F6D00C6471F /* LevelTwo */ = {
			isa = PBXGroup;
			children = (
				D2F8413E18E0420000C6471F /* NewsflashContentViewController.h */,
				D2F8413F18E0420000C6471F /* NewsflashContentViewController.m */,
				D2F8412C18E02FA300C6471F /* NewsflashLevelTwoViewController.h */,
				D2F8412D18E02FA300C6471F /* NewsflashLevelTwoViewController.m */,
				D2F8412F18E02FCC00C6471F /* NewsflashLevelTwoView.h */,
				D2F8413018E02FCC00C6471F /* NewsflashLevelTwoView.m */,
				D2F8413218E0302100C6471F /* NewsflashLevelTwoTableViewController.h */,
				D2F8413318E0302100C6471F /* NewsflashLevelTwoTableViewController.m */,
				D2F8413818E0404500C6471F /* NewsflashLevelTwoCell.h */,
				D2F8413918E0404500C6471F /* NewsflashLevelTwoCell.m */,
			);
			name = LevelTwo;
			path = Newsflash/UI/LevelTwo;
			sourceTree = SOURCE_ROOT;
		};
/* End PBXGroup section */

/* Begin PBXNativeTarget section */
		2AECF94818D68467001BD9D4 /* Newsflash */ = {
			isa = PBXNativeTarget;
			buildConfigurationList = 2AECF95718D68467001BD9D4 /* Build configuration list for PBXNativeTarget "Newsflash" */;
			buildPhases = (
				2AECF94518D68467001BD9D4 /* Sources */,
				2AECF94618D68467001BD9D4 /* Frameworks */,
				2AECF94718D68467001BD9D4 /* CopyFiles */,
			);
			buildRules = (
			);
			dependencies = (
			);
			name = Newsflash;
			productName = Newsflash;
			productReference = 2AECF94918D68467001BD9D4 /* libNewsflash.a */;
			productType = "com.apple.product-type.library.static";
		};
/* End PBXNativeTarget section */

/* Begin PBXProject section */
		2AECF94018D68467001BD9D4 /* Project object */ = {
			isa = PBXProject;
			attributes = {
				LastUpgradeCheck = 0450;
				ORGANIZATIONNAME = kangqijun;
			};
			buildConfigurationList = 2AECF94318D68467001BD9D4 /* Build configuration list for PBXProject "Newsflash" */;
			compatibilityVersion = "Xcode 3.2";
			developmentRegion = English;
			hasScannedForEncodings = 0;
			knownRegions = (
				en,
			);
			mainGroup = 2AECF93E18D68467001BD9D4;
			productRefGroup = 2AECF94A18D68467001BD9D4 /* Products */;
			projectDirPath = "";
			projectRoot = "";
			targets = (
				2AECF94818D68467001BD9D4 /* Newsflash */,
			);
		};
/* End PBXProject section */

/* Begin PBXSourcesBuildPhase section */
		2AECF94518D68467001BD9D4 /* Sources */ = {
			isa = PBXSourcesBuildPhase;
			buildActionMask = 2147483647;
			files = (
				D2F8412E18E02FA300C6471F /* NewsflashLevelTwoViewController.m in Sources */,
				48D19AC719092495001710EA /* SecurityDailyInfo.m in Sources */,
				2AECF96E18D68675001BD9D4 /* NewsflashLevelOneView.m in Sources */,
				D2F8413118E02FCC00C6471F /* NewsflashLevelTwoView.m in Sources */,
				2AECF97118D68691001BD9D4 /* NewsflashLevelOneViewController.m in Sources */,
				D2F8414018E0420000C6471F /* NewsflashContentViewController.m in Sources */,
				2AECF97418D686B2001BD9D4 /* NewsflashLevelOneTableViewController.m in Sources */,
				D2F8412718E0065B00C6471F /* NewsflashEntity.m in Sources */,
				D2F8412A18E00F3400C6471F /* NewsflashParser.m in Sources */,
				D2F8411518E000CB00C6471F /* NewsflashLevelOneCell.m in Sources */,
				D2F8411218DFFC2E00C6471F /* NewsflashNetRequest.m in Sources */,
				D2F8411818E0012C00C6471F /* NewsflashBLL.m in Sources */,
				D2F8413418E0302100C6471F /* NewsflashLevelTwoTableViewController.m in Sources */,
				D2F8413A18E0404500C6471F /* NewsflashLevelTwoCell.m in Sources */,
			);
			runOnlyForDeploymentPostprocessing = 0;
		};
/* End PBXSourcesBuildPhase section */

/* Begin XCBuildConfiguration section */
		2AECF95518D68467001BD9D4 /* Debug */ = {
			isa = XCBuildConfiguration;
			buildSettings = {
				ALWAYS_SEARCH_USER_PATHS = NO;
				CLANG_CXX_LANGUAGE_STANDARD = "gnu++0x";
				CLANG_CXX_LIBRARY = "libc++";
				CLANG_WARN_EMPTY_BODY = YES;
				CLANG_WARN__DUPLICATE_METHOD_MATCH = YES;
				COPY_PHASE_STRIP = NO;
				GCC_C_LANGUAGE_STANDARD = gnu99;
				GCC_DYNAMIC_NO_PIC = NO;
				GCC_OPTIMIZATION_LEVEL = 0;
				GCC_PREPROCESSOR_DEFINITIONS = (
					"DEBUG=1",
					"$(inherited)",
				);
				GCC_SYMBOLS_PRIVATE_EXTERN = NO;
				GCC_WARN_ABOUT_RETURN_TYPE = YES;
				GCC_WARN_UNINITIALIZED_AUTOS = YES;
				GCC_WARN_UNUSED_VARIABLE = YES;
				HEADER_SEARCH_PATHS = (
					"../../../Sandglass/**",
					"../../../Classes/Public/**",
				);
				IPHONEOS_DEPLOYMENT_TARGET = 7.0;
				SDKROOT = iphoneos6.0;
			};
			name = Debug;
		};
		2AECF95618D68467001BD9D4 /* Release */ = {
			isa = XCBuildConfiguration;
			buildSettings = {
				ALWAYS_SEARCH_USER_PATHS = NO;
				CLANG_CXX_LANGUAGE_STANDARD = "gnu++0x";
				CLANG_CXX_LIBRARY = "libc++";
				CLANG_WARN_EMPTY_BODY = YES;
				CLANG_WARN__DUPLICATE_METHOD_MATCH = YES;
				COPY_PHASE_STRIP = YES;
				GCC_C_LANGUAGE_STANDARD = gnu99;
				GCC_WARN_ABOUT_RETURN_TYPE = YES;
				GCC_WARN_UNINITIALIZED_AUTOS = YES;
				GCC_WARN_UNUSED_VARIABLE = YES;
				HEADER_SEARCH_PATHS = (
					"../../../Sandglass/**",
					"../../../Classes/Public/**",
				);
				IPHONEOS_DEPLOYMENT_TARGET = 7.0;
				SDKROOT = iphoneos6.0;
				VALIDATE_PRODUCT = YES;
			};
			name = Release;
		};
		2AECF95818D68467001BD9D4 /* Debug */ = {
			isa = XCBuildConfiguration;
			buildSettings = {
				DSTROOT = /tmp/Newsflash.dst;
				GCC_PRECOMPILE_PREFIX_HEADER = YES;
				GCC_PREFIX_HEADER = "Newsflash/Newsflash-Prefix.pch";
				OTHER_LDFLAGS = "-ObjC";
				PRODUCT_NAME = "$(TARGET_NAME)";
				SDKROOT = iphoneos;
				SKIP_INSTALL = YES;
			};
			name = Debug;
		};
		2AECF95918D68467001BD9D4 /* Release */ = {
			isa = XCBuildConfiguration;
			buildSettings = {
				DSTROOT = /tmp/Newsflash.dst;
				GCC_PRECOMPILE_PREFIX_HEADER = YES;
				GCC_PREFIX_HEADER = "Newsflash/Newsflash-Prefix.pch";
				OTHER_LDFLAGS = "-ObjC";
				PRODUCT_NAME = "$(TARGET_NAME)";
				SDKROOT = iphoneos;
				SKIP_INSTALL = YES;
			};
			name = Release;
		};
/* End XCBuildConfiguration section */

/* Begin XCConfigurationList section */
		2AECF94318D68467001BD9D4 /* Build configuration list for PBXProject "Newsflash" */ = {
			isa = XCConfigurationList;
			buildConfigurations = (
				2AECF95518D68467001BD9D4 /* Debug */,
				2AECF95618D68467001BD9D4 /* Release */,
			);
			defaultConfigurationIsVisible = 0;
			defaultConfigurationName = Release;
		};
		2AECF95718D68467001BD9D4 /* Build configuration list for PBXNativeTarget "Newsflash" */ = {
			isa = XCConfigurationList;
			buildConfigurations = (
				2AECF95818D68467001BD9D4 /* Debug */,
				2AECF95918D68467001BD9D4 /* Release */,
			);
			defaultConfigurationIsVisible = 0;
			defaultConfigurationName = Release;
		};
/* End XCConfigurationList section */
	};
	rootObject = 2AECF94018D68467001BD9D4 /* Project object */;
}
